
Microsoft Visual Studio Solution File, Format Version 12.00
# Visual Studio Version 16
VisualStudioVersion = 16.0.30420.98
MinimumVisualStudioVersion = 10.0.40219.1
Project("{FAE04EC0-301F-11D3-BF4B-00C04F79EFBC}") = "AgileProject", "AgileProject\AgileProject.csproj", "{0B9ED1B2-731A-4E7A-8006-4A7B5E3A8D6B}"
EndProject
Global
	GlobalSection(SolutionConfigurationPlatforms) = preSolution
		Debug|Any CPU = Debug|Any CPU
		Release|Any CPU = Release|Any CPU
	EndGlobalSection
	GlobalSection(ProjectConfigurationPlatforms) = postSolution
		{0B9ED1B2-731A-4E7A-8006-4A7B5E3A8D6B}.Debug|Any CPU.ActiveCfg = Debug|Any CPU
		{0B9ED1B2-731A-4E7A-8006-4A7B5E3A8D6B}.Debug|Any CPU.Build.0 = Debug|Any CPU
		{0B9ED1B2-731A-4E7A-8006-4A7B5E3A8D6B}.Debug|Any CPU.Deploy.0 = Debug|Any CPU
		{0B9ED1B2-731A-4E7A-8006-4A7B5E3A8D6B}.Release|Any CPU.ActiveCfg = Release|Any CPU
		{0B9ED1B2-731A-4E7A-8006-4A7B5E3A8D6B}.Release|Any CPU.Build.0 = Release|Any CPU
		{0B9ED1B2-731A-4E7A-8006-4A7B5E3A8D6B}.Release|Any CPU.Deploy.0 = Release|Any CPU
	EndGlobalSection
	GlobalSection(SolutionProperties) = preSolution
		HideSolutionNode = FALSE
	EndGlobalSection
	GlobalSection(ExtensibilityGlobals) = postSolution
		SolutionGuid = {680E8EF5-5DCC-47D9-BC1B-88F40F06368A}
	EndGlobalSection
EndGlobal
